
Microsoft Visual Studio Solution File, Format Version 12.00
# Visual Studio Version 17
VisualStudioVersion = 17.13.35931.197
MinimumVisualStudioVersion = 10.0.40219.1
Project("{2150E333-8FDC-42A3-9474-1A3956D46DE8}") = "Sources", "Sources", "{02EA681E-C7D8-13C7-8484-4AC65E1B71E8}"
EndProject
Project("{2150E333-8FDC-42A3-9474-1A3956D46DE8}") = "docs", "docs", "{0337927D-4AE0-44E5-91AC-39EE45E26307}"
EndProject
Project("{FAE04EC0-301F-11D3-BF4B-00C04F79EFBC}") = "Vinculo.Docs", "docs\Vinculo.Docs\Vinculo.Docs.csproj", "{7BCF2131-2757-408D-9603-0ADD8894370B}"
EndProject
Project("{2150E333-8FDC-42A3-9474-1A3956D46DE8}") = "Modules", "Modules", "{36D4359D-29A0-40CC-954E-C1D3C58F649C}"
EndProject
Project("{2150E333-8FDC-42A3-9474-1A3956D46DE8}") = "Person", "Person", "{AABEDAF9-B648-4316-9059-7743E20988FA}"
EndProject
Project("{FAE04EC0-301F-11D3-BF4B-00C04F79EFBC}") = "Person.Domain", "src\Modules\Person\Person.Domain\Person.Domain.csproj", "{3E01152A-4B98-A051-744F-8F4DA0172A8B}"
EndProject
Project("{FAE04EC0-301F-11D3-BF4B-00C04F79EFBC}") = "Person.Application", "src\Modules\Person\Person.Application\Person.Application.csproj", "{DFD71AF6-9577-BBC3-134E-01DA14259521}"
EndProject
Project("{FAE04EC0-301F-11D3-BF4B-00C04F79EFBC}") = "Person.API", "src\Modules\Person\Person.API\Person.API.csproj", "{83E42F0A-E5EF-56EE-0D7B-DA94126BAA78}"
EndProject
Project("{FAE04EC0-301F-11D3-BF4B-00C04F79EFBC}") = "Person.Infrastructure", "src\Modules\Person\Person.Infrastructure\Person.Infrastructure.csproj", "{E7455811-DB0E-D783-ED2F-5FFFBC0E1499}"
EndProject
Project("{2150E333-8FDC-42A3-9474-1A3956D46DE8}") = "repository", "repository", "{380A7511-A354-6D7A-0CC0-8FA1F1BA7B6C}"
	ProjectSection(SolutionItems) = preProject
		.gitignore = .gitignore
		README.md = README.md
	EndProjectSection
EndProject
Project("{2150E333-8FDC-42A3-9474-1A3956D46DE8}") = "Core", "Core", "{174C483D-B80D-445B-81F4-BDF4C878993C}"
EndProject
Project("{FAE04EC0-301F-11D3-BF4B-00C04F79EFBC}") = "Core.Domain", "src\Core\Core.Domain\Core.Domain.csproj", "{E74B4B5D-1AD1-4E5C-A8A8-CAAB95672BFF}"
EndProject
Project("{FAE04EC0-301F-11D3-BF4B-00C04F79EFBC}") = "Person.Tests", "src\Modules\Person\Person.Tests\Person.Tests.csproj", "{86E89C12-62DE-414B-9CB3-189C67010FD8}"
EndProject
Global
	GlobalSection(SolutionConfigurationPlatforms) = preSolution
		Debug|Any CPU = Debug|Any CPU
		Release|Any CPU = Release|Any CPU
	EndGlobalSection
	GlobalSection(ProjectConfigurationPlatforms) = postSolution
		{7BCF2131-2757-408D-9603-0ADD8894370B}.Debug|Any CPU.ActiveCfg = Debug|Any CPU
		{7BCF2131-2757-408D-9603-0ADD8894370B}.Debug|Any CPU.Build.0 = Debug|Any CPU
		{7BCF2131-2757-408D-9603-0ADD8894370B}.Release|Any CPU.ActiveCfg = Release|Any CPU
		{7BCF2131-2757-408D-9603-0ADD8894370B}.Release|Any CPU.Build.0 = Release|Any CPU
		{3E01152A-4B98-A051-744F-8F4DA0172A8B}.Debug|Any CPU.ActiveCfg = Debug|Any CPU
		{3E01152A-4B98-A051-744F-8F4DA0172A8B}.Debug|Any CPU.Build.0 = Debug|Any CPU
		{3E01152A-4B98-A051-744F-8F4DA0172A8B}.Release|Any CPU.ActiveCfg = Release|Any CPU
		{3E01152A-4B98-A051-744F-8F4DA0172A8B}.Release|Any CPU.Build.0 = Release|Any CPU
		{DFD71AF6-9577-BBC3-134E-01DA14259521}.Debug|Any CPU.ActiveCfg = Debug|Any CPU
		{DFD71AF6-9577-BBC3-134E-01DA14259521}.Debug|Any CPU.Build.0 = Debug|Any CPU
		{DFD71AF6-9577-BBC3-134E-01DA14259521}.Release|Any CPU.ActiveCfg = Release|Any CPU
		{DFD71AF6-9577-BBC3-134E-01DA14259521}.Release|Any CPU.Build.0 = Release|Any CPU
		{83E42F0A-E5EF-56EE-0D7B-DA94126BAA78}.Debug|Any CPU.ActiveCfg = Debug|Any CPU
		{83E42F0A-E5EF-56EE-0D7B-DA94126BAA78}.Debug|Any CPU.Build.0 = Debug|Any CPU
		{83E42F0A-E5EF-56EE-0D7B-DA94126BAA78}.Release|Any CPU.ActiveCfg = Release|Any CPU
		{83E42F0A-E5EF-56EE-0D7B-DA94126BAA78}.Release|Any CPU.Build.0 = Release|Any CPU
		{E7455811-DB0E-D783-ED2F-5FFFBC0E1499}.Debug|Any CPU.ActiveCfg = Debug|Any CPU
		{E7455811-DB0E-D783-ED2F-5FFFBC0E1499}.Debug|Any CPU.Build.0 = Debug|Any CPU
		{E7455811-DB0E-D783-ED2F-5FFFBC0E1499}.Release|Any CPU.ActiveCfg = Release|Any CPU
		{E7455811-DB0E-D783-ED2F-5FFFBC0E1499}.Release|Any CPU.Build.0 = Release|Any CPU
		{E74B4B5D-1AD1-4E5C-A8A8-CAAB95672BFF}.Debug|Any CPU.ActiveCfg = Debug|Any CPU
		{E74B4B5D-1AD1-4E5C-A8A8-CAAB95672BFF}.Debug|Any CPU.Build.0 = Debug|Any CPU
		{E74B4B5D-1AD1-4E5C-A8A8-CAAB95672BFF}.Release|Any CPU.ActiveCfg = Release|Any CPU
		{E74B4B5D-1AD1-4E5C-A8A8-CAAB95672BFF}.Release|Any CPU.Build.0 = Release|Any CPU
		{86E89C12-62DE-414B-9CB3-189C67010FD8}.Debug|Any CPU.ActiveCfg = Debug|Any CPU
		{86E89C12-62DE-414B-9CB3-189C67010FD8}.Debug|Any CPU.Build.0 = Debug|Any CPU
		{86E89C12-62DE-414B-9CB3-189C67010FD8}.Release|Any CPU.ActiveCfg = Release|Any CPU
		{86E89C12-62DE-414B-9CB3-189C67010FD8}.Release|Any CPU.Build.0 = Release|Any CPU
	EndGlobalSection
	GlobalSection(SolutionProperties) = preSolution
		HideSolutionNode = FALSE
	EndGlobalSection
	GlobalSection(NestedProjects) = preSolution
		{7BCF2131-2757-408D-9603-0ADD8894370B} = {0337927D-4AE0-44E5-91AC-39EE45E26307}
		{36D4359D-29A0-40CC-954E-C1D3C58F649C} = {02EA681E-C7D8-13C7-8484-4AC65E1B71E8}
		{AABEDAF9-B648-4316-9059-7743E20988FA} = {36D4359D-29A0-40CC-954E-C1D3C58F649C}
		{3E01152A-4B98-A051-744F-8F4DA0172A8B} = {AABEDAF9-B648-4316-9059-7743E20988FA}
		{DFD71AF6-9577-BBC3-134E-01DA14259521} = {AABEDAF9-B648-4316-9059-7743E20988FA}
		{83E42F0A-E5EF-56EE-0D7B-DA94126BAA78} = {AABEDAF9-B648-4316-9059-7743E20988FA}
		{E7455811-DB0E-D783-ED2F-5FFFBC0E1499} = {AABEDAF9-B648-4316-9059-7743E20988FA}
		{174C483D-B80D-445B-81F4-BDF4C878993C} = {02EA681E-C7D8-13C7-8484-4AC65E1B71E8}
		{E74B4B5D-1AD1-4E5C-A8A8-CAAB95672BFF} = {174C483D-B80D-445B-81F4-BDF4C878993C}
		{86E89C12-62DE-414B-9CB3-189C67010FD8} = {AABEDAF9-B648-4316-9059-7743E20988FA}
	EndGlobalSection
	GlobalSection(ExtensibilityGlobals) = postSolution
		SolutionGuid = {7E1D0EAD-DFEE-4B8B-A2B7-235C383D1763}
	EndGlobalSection
EndGlobal
