
Microsoft Visual Studio Solution File, Format Version 12.00
# Visual Studio Version 17
VisualStudioVersion = 17.13.35931.197
MinimumVisualStudioVersion = 10.0.40219.1
Project("{2150E333-8FDC-42A3-9474-1A3956D46DE8}") = "Sources", "Sources", "{02EA681E-C7D8-13C7-8484-4AC65E1B71E8}"
EndProject
Project("{2150E333-8FDC-42A3-9474-1A3956D46DE8}") = "docs", "docs", "{0337927D-4AE0-44E5-91AC-39EE45E26307}"
EndProject
Project("{FAE04EC0-301F-11D3-BF4B-00C04F79EFBC}") = "Vinculo.Docs", "docs\Vinculo.Docs\Vinculo.Docs.csproj", "{7BCF2131-2757-408D-9603-0ADD8894370B}"
EndProject
Project("{2150E333-8FDC-42A3-9474-1A3956D46DE8}") = "Modules", "Modules", "{36D4359D-29A0-40CC-954E-C1D3C58F649C}"
EndProject
Project("{2150E333-8FDC-42A3-9474-1A3956D46DE8}") = "Person", "Person", "{AABEDAF9-B648-4316-9059-7743E20988FA}"
EndProject
Project("{2150E333-8FDC-42A3-9474-1A3956D46DE8}") = "git", "git", "{380A7511-A354-6D7A-0CC0-8FA1F1BA7B6C}"
	ProjectSection(SolutionItems) = preProject
		.gitignore = .gitignore
		README.md = README.md
	EndProjectSection
EndProject
Project("{2150E333-8FDC-42A3-9474-1A3956D46DE8}") = "Core", "Core", "{174C483D-B80D-445B-81F4-BDF4C878993C}"
EndProject
Project("{FAE04EC0-301F-11D3-BF4B-00C04F79EFBC}") = "Core.Domain", "src\Core\Core.Domain\Core.Domain.csproj", "{E74B4B5D-1AD1-4E5C-A8A8-CAAB95672BFF}"
EndProject
Project("{2150E333-8FDC-42A3-9474-1A3956D46DE8}") = "Auth", "Auth", "{B04A0311-1161-477F-B891-758CF761D93B}"
EndProject
Project("{FAE04EC0-301F-11D3-BF4B-00C04F79EFBC}") = "Auth.API", "src\Modules\Auth\Auth.API\Auth.API.csproj", "{04F406AD-F7D2-462F-83B8-2ECC11D16B61}"
EndProject
Project("{FAE04EC0-301F-11D3-BF4B-00C04F79EFBC}") = "Auth.Application", "src\Modules\Auth\Auth.Application\Auth.Application.csproj", "{C613041F-167E-456F-938D-5C0A5B265115}"
EndProject
Project("{FAE04EC0-301F-11D3-BF4B-00C04F79EFBC}") = "Auth.Domain", "src\Modules\Auth\Auth.Domain\Auth.Domain.csproj", "{B13FC1C9-62CD-41E4-8C33-35C48B6AF43B}"
EndProject
Project("{FAE04EC0-301F-11D3-BF4B-00C04F79EFBC}") = "Auth.Infrastructure", "src\Modules\Auth\Auth.Infrastructure\Auth.Infrastructure.csproj", "{CACF12D4-94C7-4C54-BCF0-151B7B2572A0}"
EndProject
Project("{FAE04EC0-301F-11D3-BF4B-00C04F79EFBC}") = "Core.Infrastructure", "src\Core\Core.Infrastructure\Core.Infrastructure.csproj", "{7003A914-B28D-4ABA-A61D-5ADFEF904E32}"
EndProject
Project("{FAE04EC0-301F-11D3-BF4B-00C04F79EFBC}") = "Vinculo.API", "src\Modules\Vinculo\Vinculo.API\Vinculo.API.csproj", "{7CE0BABC-362D-4D4D-A7B7-E99749DB3C5A}"
EndProject
Project("{FAE04EC0-301F-11D3-BF4B-00C04F79EFBC}") = "Vinculo.Application", "src\Modules\Vinculo\Vinculo.Application\Vinculo.Application.csproj", "{6300187D-47FC-405A-97AE-B0F1E8EC69DD}"
EndProject
Project("{FAE04EC0-301F-11D3-BF4B-00C04F79EFBC}") = "Vinculo.Domain", "src\Modules\Vinculo\Vinculo.Domain\Vinculo.Domain.csproj", "{E5AD8E57-E8A4-4D90-84CE-B783D49667E0}"
EndProject
Project("{FAE04EC0-301F-11D3-BF4B-00C04F79EFBC}") = "Vinculo.Infrastructure", "src\Modules\Vinculo\Vinculo.Infrastructure\Vinculo.Infrastructure.csproj", "{E20CD972-4CE2-4C09-95A8-52458FFEDEED}"
EndProject
Project("{FAE04EC0-301F-11D3-BF4B-00C04F79EFBC}") = "Vinculo.Tests", "src\Modules\Vinculo\Vinculo.Tests\Vinculo.Tests.csproj", "{4677049D-EA35-4DE9-AA90-E4F7E71C16A1}"
EndProject
Global
	GlobalSection(SolutionConfigurationPlatforms) = preSolution
		Debug|Any CPU = Debug|Any CPU
		Release|Any CPU = Release|Any CPU
	EndGlobalSection
	GlobalSection(ProjectConfigurationPlatforms) = postSolution
		{7BCF2131-2757-408D-9603-0ADD8894370B}.Debug|Any CPU.ActiveCfg = Debug|Any CPU
		{7BCF2131-2757-408D-9603-0ADD8894370B}.Debug|Any CPU.Build.0 = Debug|Any CPU
		{7BCF2131-2757-408D-9603-0ADD8894370B}.Release|Any CPU.ActiveCfg = Release|Any CPU
		{7BCF2131-2757-408D-9603-0ADD8894370B}.Release|Any CPU.Build.0 = Release|Any CPU
		{E74B4B5D-1AD1-4E5C-A8A8-CAAB95672BFF}.Debug|Any CPU.ActiveCfg = Debug|Any CPU
		{E74B4B5D-1AD1-4E5C-A8A8-CAAB95672BFF}.Debug|Any CPU.Build.0 = Debug|Any CPU
		{E74B4B5D-1AD1-4E5C-A8A8-CAAB95672BFF}.Release|Any CPU.ActiveCfg = Release|Any CPU
		{E74B4B5D-1AD1-4E5C-A8A8-CAAB95672BFF}.Release|Any CPU.Build.0 = Release|Any CPU
		{04F406AD-F7D2-462F-83B8-2ECC11D16B61}.Debug|Any CPU.ActiveCfg = Debug|Any CPU
		{04F406AD-F7D2-462F-83B8-2ECC11D16B61}.Debug|Any CPU.Build.0 = Debug|Any CPU
		{04F406AD-F7D2-462F-83B8-2ECC11D16B61}.Release|Any CPU.ActiveCfg = Release|Any CPU
		{04F406AD-F7D2-462F-83B8-2ECC11D16B61}.Release|Any CPU.Build.0 = Release|Any CPU
		{C613041F-167E-456F-938D-5C0A5B265115}.Debug|Any CPU.ActiveCfg = Debug|Any CPU
		{C613041F-167E-456F-938D-5C0A5B265115}.Debug|Any CPU.Build.0 = Debug|Any CPU
		{C613041F-167E-456F-938D-5C0A5B265115}.Release|Any CPU.ActiveCfg = Release|Any CPU
		{C613041F-167E-456F-938D-5C0A5B265115}.Release|Any CPU.Build.0 = Release|Any CPU
		{B13FC1C9-62CD-41E4-8C33-35C48B6AF43B}.Debug|Any CPU.ActiveCfg = Debug|Any CPU
		{B13FC1C9-62CD-41E4-8C33-35C48B6AF43B}.Debug|Any CPU.Build.0 = Debug|Any CPU
		{B13FC1C9-62CD-41E4-8C33-35C48B6AF43B}.Release|Any CPU.ActiveCfg = Release|Any CPU
		{B13FC1C9-62CD-41E4-8C33-35C48B6AF43B}.Release|Any CPU.Build.0 = Release|Any CPU
		{CACF12D4-94C7-4C54-BCF0-151B7B2572A0}.Debug|Any CPU.ActiveCfg = Debug|Any CPU
		{CACF12D4-94C7-4C54-BCF0-151B7B2572A0}.Debug|Any CPU.Build.0 = Debug|Any CPU
		{CACF12D4-94C7-4C54-BCF0-151B7B2572A0}.Release|Any CPU.ActiveCfg = Release|Any CPU
		{CACF12D4-94C7-4C54-BCF0-151B7B2572A0}.Release|Any CPU.Build.0 = Release|Any CPU
		{7003A914-B28D-4ABA-A61D-5ADFEF904E32}.Debug|Any CPU.ActiveCfg = Debug|Any CPU
		{7003A914-B28D-4ABA-A61D-5ADFEF904E32}.Debug|Any CPU.Build.0 = Debug|Any CPU
		{7003A914-B28D-4ABA-A61D-5ADFEF904E32}.Release|Any CPU.ActiveCfg = Release|Any CPU
		{7003A914-B28D-4ABA-A61D-5ADFEF904E32}.Release|Any CPU.Build.0 = Release|Any CPU
		{7CE0BABC-362D-4D4D-A7B7-E99749DB3C5A}.Debug|Any CPU.ActiveCfg = Debug|Any CPU
		{7CE0BABC-362D-4D4D-A7B7-E99749DB3C5A}.Debug|Any CPU.Build.0 = Debug|Any CPU
		{7CE0BABC-362D-4D4D-A7B7-E99749DB3C5A}.Release|Any CPU.ActiveCfg = Release|Any CPU
		{7CE0BABC-362D-4D4D-A7B7-E99749DB3C5A}.Release|Any CPU.Build.0 = Release|Any CPU
		{6300187D-47FC-405A-97AE-B0F1E8EC69DD}.Debug|Any CPU.ActiveCfg = Debug|Any CPU
		{6300187D-47FC-405A-97AE-B0F1E8EC69DD}.Debug|Any CPU.Build.0 = Debug|Any CPU
		{6300187D-47FC-405A-97AE-B0F1E8EC69DD}.Release|Any CPU.ActiveCfg = Release|Any CPU
		{6300187D-47FC-405A-97AE-B0F1E8EC69DD}.Release|Any CPU.Build.0 = Release|Any CPU
		{E5AD8E57-E8A4-4D90-84CE-B783D49667E0}.Debug|Any CPU.ActiveCfg = Debug|Any CPU
		{E5AD8E57-E8A4-4D90-84CE-B783D49667E0}.Debug|Any CPU.Build.0 = Debug|Any CPU
		{E5AD8E57-E8A4-4D90-84CE-B783D49667E0}.Release|Any CPU.ActiveCfg = Release|Any CPU
		{E5AD8E57-E8A4-4D90-84CE-B783D49667E0}.Release|Any CPU.Build.0 = Release|Any CPU
		{E20CD972-4CE2-4C09-95A8-52458FFEDEED}.Debug|Any CPU.ActiveCfg = Debug|Any CPU
		{E20CD972-4CE2-4C09-95A8-52458FFEDEED}.Debug|Any CPU.Build.0 = Debug|Any CPU
		{E20CD972-4CE2-4C09-95A8-52458FFEDEED}.Release|Any CPU.ActiveCfg = Release|Any CPU
		{E20CD972-4CE2-4C09-95A8-52458FFEDEED}.Release|Any CPU.Build.0 = Release|Any CPU
		{4677049D-EA35-4DE9-AA90-E4F7E71C16A1}.Debug|Any CPU.ActiveCfg = Debug|Any CPU
		{4677049D-EA35-4DE9-AA90-E4F7E71C16A1}.Debug|Any CPU.Build.0 = Debug|Any CPU
		{4677049D-EA35-4DE9-AA90-E4F7E71C16A1}.Release|Any CPU.ActiveCfg = Release|Any CPU
		{4677049D-EA35-4DE9-AA90-E4F7E71C16A1}.Release|Any CPU.Build.0 = Release|Any CPU
	EndGlobalSection
	GlobalSection(SolutionProperties) = preSolution
		HideSolutionNode = FALSE
	EndGlobalSection
	GlobalSection(NestedProjects) = preSolution
		{7BCF2131-2757-408D-9603-0ADD8894370B} = {0337927D-4AE0-44E5-91AC-39EE45E26307}
		{36D4359D-29A0-40CC-954E-C1D3C58F649C} = {02EA681E-C7D8-13C7-8484-4AC65E1B71E8}
		{AABEDAF9-B648-4316-9059-7743E20988FA} = {36D4359D-29A0-40CC-954E-C1D3C58F649C}
		{174C483D-B80D-445B-81F4-BDF4C878993C} = {02EA681E-C7D8-13C7-8484-4AC65E1B71E8}
		{E74B4B5D-1AD1-4E5C-A8A8-CAAB95672BFF} = {174C483D-B80D-445B-81F4-BDF4C878993C}
		{B04A0311-1161-477F-B891-758CF761D93B} = {36D4359D-29A0-40CC-954E-C1D3C58F649C}
		{04F406AD-F7D2-462F-83B8-2ECC11D16B61} = {B04A0311-1161-477F-B891-758CF761D93B}
		{C613041F-167E-456F-938D-5C0A5B265115} = {B04A0311-1161-477F-B891-758CF761D93B}
		{B13FC1C9-62CD-41E4-8C33-35C48B6AF43B} = {B04A0311-1161-477F-B891-758CF761D93B}
		{CACF12D4-94C7-4C54-BCF0-151B7B2572A0} = {B04A0311-1161-477F-B891-758CF761D93B}
		{7003A914-B28D-4ABA-A61D-5ADFEF904E32} = {174C483D-B80D-445B-81F4-BDF4C878993C}
		{7CE0BABC-362D-4D4D-A7B7-E99749DB3C5A} = {AABEDAF9-B648-4316-9059-7743E20988FA}
		{6300187D-47FC-405A-97AE-B0F1E8EC69DD} = {AABEDAF9-B648-4316-9059-7743E20988FA}
		{E5AD8E57-E8A4-4D90-84CE-B783D49667E0} = {AABEDAF9-B648-4316-9059-7743E20988FA}
		{E20CD972-4CE2-4C09-95A8-52458FFEDEED} = {AABEDAF9-B648-4316-9059-7743E20988FA}
		{4677049D-EA35-4DE9-AA90-E4F7E71C16A1} = {AABEDAF9-B648-4316-9059-7743E20988FA}
	EndGlobalSection
	GlobalSection(ExtensibilityGlobals) = postSolution
		SolutionGuid = {7E1D0EAD-DFEE-4B8B-A2B7-235C383D1763}
	EndGlobalSection
EndGlobal
