
Microsoft Visual Studio Solution File, Format Version 12.00
# Visual Studio Version 17
VisualStudioVersion = 17.13.35931.197
MinimumVisualStudioVersion = 10.0.40219.1
Project("{2150E333-8FDC-42A3-9474-1A3956D46DE8}") = "src", "src", "{02EA681E-C7D8-13C7-8484-4AC65E1B71E8}"
EndProject
Project("{2150E333-8FDC-42A3-9474-1A3956D46DE8}") = "docs", "docs", "{0337927D-4AE0-44E5-91AC-39EE45E26307}"
EndProject
Project("{FAE04EC0-301F-11D3-BF4B-00C04F79EFBC}") = "Vinculo.Docs", "docs\Vinculo.Docs\Vinculo.Docs.csproj", "{7BCF2131-2757-408D-9603-0ADD8894370B}"
EndProject
Project("{2150E333-8FDC-42A3-9474-1A3956D46DE8}") = "git", "git", "{380A7511-A354-6D7A-0CC0-8FA1F1BA7B6C}"
	ProjectSection(SolutionItems) = preProject
		.gitignore = .gitignore
		README.md = README.md
	EndProjectSection
EndProject
Project("{FAE04EC0-301F-11D3-BF4B-00C04F79EFBC}") = "Vinculo.API", "src\Vinculo.API\Vinculo.API.csproj", "{3DF23566-EB7E-7AED-EBA5-C6C0382B371E}"
EndProject
Project("{FAE04EC0-301F-11D3-BF4B-00C04F79EFBC}") = "Vinculo.Application", "src\Vinculo.Application\Vinculo.Application.csproj", "{9CE967F4-A7FF-8268-04D2-C346C757AFBC}"
EndProject
Project("{FAE04EC0-301F-11D3-BF4B-00C04F79EFBC}") = "Vinculo.Domain", "src\Vinculo.Domain\Vinculo.Domain.csproj", "{21F3DEC5-D5E7-5B69-ECDE-A66E5A50B882}"
EndProject
Project("{FAE04EC0-301F-11D3-BF4B-00C04F79EFBC}") = "Vinculo.Infrastructure", "src\Vinculo.Infrastructure\Vinculo.Infrastructure.csproj", "{3A7E15EA-239D-E8AE-EC4B-B357D3D8576A}"
EndProject
Project("{FAE04EC0-301F-11D3-BF4B-00C04F79EFBC}") = "Vinculo.Tests", "src\Vinculo.Tests\Vinculo.Tests.csproj", "{D7C6781D-68D3-0379-C003-F2D6383C6DAF}"
EndProject
Global
	GlobalSection(SolutionConfigurationPlatforms) = preSolution
		Debug|Any CPU = Debug|Any CPU
		Release|Any CPU = Release|Any CPU
	EndGlobalSection
	GlobalSection(ProjectConfigurationPlatforms) = postSolution
		{7BCF2131-2757-408D-9603-0ADD8894370B}.Debug|Any CPU.ActiveCfg = Debug|Any CPU
		{7BCF2131-2757-408D-9603-0ADD8894370B}.Debug|Any CPU.Build.0 = Debug|Any CPU
		{7BCF2131-2757-408D-9603-0ADD8894370B}.Release|Any CPU.ActiveCfg = Release|Any CPU
		{7BCF2131-2757-408D-9603-0ADD8894370B}.Release|Any CPU.Build.0 = Release|Any CPU
		{3DF23566-EB7E-7AED-EBA5-C6C0382B371E}.Debug|Any CPU.ActiveCfg = Debug|Any CPU
		{3DF23566-EB7E-7AED-EBA5-C6C0382B371E}.Debug|Any CPU.Build.0 = Debug|Any CPU
		{3DF23566-EB7E-7AED-EBA5-C6C0382B371E}.Release|Any CPU.ActiveCfg = Release|Any CPU
		{3DF23566-EB7E-7AED-EBA5-C6C0382B371E}.Release|Any CPU.Build.0 = Release|Any CPU
		{9CE967F4-A7FF-8268-04D2-C346C757AFBC}.Debug|Any CPU.ActiveCfg = Debug|Any CPU
		{9CE967F4-A7FF-8268-04D2-C346C757AFBC}.Debug|Any CPU.Build.0 = Debug|Any CPU
		{9CE967F4-A7FF-8268-04D2-C346C757AFBC}.Release|Any CPU.ActiveCfg = Release|Any CPU
		{9CE967F4-A7FF-8268-04D2-C346C757AFBC}.Release|Any CPU.Build.0 = Release|Any CPU
		{21F3DEC5-D5E7-5B69-ECDE-A66E5A50B882}.Debug|Any CPU.ActiveCfg = Debug|Any CPU
		{21F3DEC5-D5E7-5B69-ECDE-A66E5A50B882}.Debug|Any CPU.Build.0 = Debug|Any CPU
		{21F3DEC5-D5E7-5B69-ECDE-A66E5A50B882}.Release|Any CPU.ActiveCfg = Release|Any CPU
		{21F3DEC5-D5E7-5B69-ECDE-A66E5A50B882}.Release|Any CPU.Build.0 = Release|Any CPU
		{3A7E15EA-239D-E8AE-EC4B-B357D3D8576A}.Debug|Any CPU.ActiveCfg = Debug|Any CPU
		{3A7E15EA-239D-E8AE-EC4B-B357D3D8576A}.Debug|Any CPU.Build.0 = Debug|Any CPU
		{3A7E15EA-239D-E8AE-EC4B-B357D3D8576A}.Release|Any CPU.ActiveCfg = Release|Any CPU
		{3A7E15EA-239D-E8AE-EC4B-B357D3D8576A}.Release|Any CPU.Build.0 = Release|Any CPU
		{D7C6781D-68D3-0379-C003-F2D6383C6DAF}.Debug|Any CPU.ActiveCfg = Debug|Any CPU
		{D7C6781D-68D3-0379-C003-F2D6383C6DAF}.Debug|Any CPU.Build.0 = Debug|Any CPU
		{D7C6781D-68D3-0379-C003-F2D6383C6DAF}.Release|Any CPU.ActiveCfg = Release|Any CPU
		{D7C6781D-68D3-0379-C003-F2D6383C6DAF}.Release|Any CPU.Build.0 = Release|Any CPU
	EndGlobalSection
	GlobalSection(SolutionProperties) = preSolution
		HideSolutionNode = FALSE
	EndGlobalSection
	GlobalSection(NestedProjects) = preSolution
		{7BCF2131-2757-408D-9603-0ADD8894370B} = {0337927D-4AE0-44E5-91AC-39EE45E26307}
		{3DF23566-EB7E-7AED-EBA5-C6C0382B371E} = {02EA681E-C7D8-13C7-8484-4AC65E1B71E8}
		{9CE967F4-A7FF-8268-04D2-C346C757AFBC} = {02EA681E-C7D8-13C7-8484-4AC65E1B71E8}
		{21F3DEC5-D5E7-5B69-ECDE-A66E5A50B882} = {02EA681E-C7D8-13C7-8484-4AC65E1B71E8}
		{3A7E15EA-239D-E8AE-EC4B-B357D3D8576A} = {02EA681E-C7D8-13C7-8484-4AC65E1B71E8}
		{D7C6781D-68D3-0379-C003-F2D6383C6DAF} = {02EA681E-C7D8-13C7-8484-4AC65E1B71E8}
	EndGlobalSection
	GlobalSection(ExtensibilityGlobals) = postSolution
		SolutionGuid = {7E1D0EAD-DFEE-4B8B-A2B7-235C383D1763}
	EndGlobalSection
EndGlobal
